// !$*UTF8*$!
{
	archiveVersion = 1;
	classes = {
	};
	objectVersion = 50;
	objects = {

/* Begin PBXBuildFile section */
		DB0E4AC522A90C8D00205E41 /* AppDelegate.m in Sources */ = {isa = PBXBuildFile; fileRef = DB0E4AC422A90C8D00205E41 /* AppDelegate.m */; };
		DB0E4AC822A90C8D00205E41 /* FirstViewController.m in Sources */ = {isa = PBXBuildFile; fileRef = DB0E4AC722A90C8D00205E41 /* FirstViewController.m */; };
		DB0E4ACB22A90C8D00205E41 /* SecondViewController.m in Sources */ = {isa = PBXBuildFile; fileRef = DB0E4ACA22A90C8D00205E41 /* SecondViewController.m */; };
		DB0E4ACE22A90C8D00205E41 /* Main.storyboard in Resources */ = {isa = PBXBuildFile; fileRef = DB0E4ACC22A90C8D00205E41 /* Main.storyboard */; };
		DB0E4AD022A90C9100205E41 /* Assets.xcassets in Resources */ = {isa = PBXBuildFile; fileRef = DB0E4ACF22A90C9100205E41 /* Assets.xcassets */; };
		DB0E4AD322A90C9100205E41 /* LaunchScreen.storyboard in Resources */ = {isa = PBXBuildFile; fileRef = DB0E4AD122A90C9100205E41 /* LaunchScreen.storyboard */; };
		DB0E4AD622A90C9100205E41 /* main.m in Sources */ = {isa = PBXBuildFile; fileRef = DB0E4AD522A90C9100205E41 /* main.m */; };
/* End PBXBuildFile section */

/* Begin PBXFileReference section */
		DB0E4AC022A90C8D00205E41 /* SampleAppForDevOps.app */ = {isa = PBXFileReference; explicitFileType = wrapper.application; includeInIndex = 0; path = SampleAppForDevOps.app; sourceTree = BUILT_PRODUCTS_DIR; };
		DB0E4AC322A90C8D00205E41 /* AppDelegate.h */ = {isa = PBXFileReference; lastKnownFileType = sourcecode.c.h; path = AppDelegate.h; sourceTree = "<group>"; };
		DB0E4AC422A90C8D00205E41 /* AppDelegate.m */ = {isa = PBXFileReference; lastKnownFileType = sourcecode.c.objc; path = AppDelegate.m; sourceTree = "<group>"; };
		DB0E4AC622A90C8D00205E41 /* FirstViewController.h */ = {isa = PBXFileReference; lastKnownFileType = sourcecode.c.h; path = FirstViewController.h; sourceTree = "<group>"; };
		DB0E4AC722A90C8D00205E41 /* FirstViewController.m */ = {isa = PBXFileReference; lastKnownFileType = sourcecode.c.objc; path = FirstViewController.m; sourceTree = "<group>"; };
		DB0E4AC922A90C8D00205E41 /* SecondViewController.h */ = {isa = PBXFileReference; lastKnownFileType = sourcecode.c.h; path = SecondViewController.h; sourceTree = "<group>"; };
		DB0E4ACA22A90C8D00205E41 /* SecondViewController.m */ = {isa = PBXFileReference; lastKnownFileType = sourcecode.c.objc; path = SecondViewController.m; sourceTree = "<group>"; };
		DB0E4ACD22A90C8D00205E41 /* Base */ = {isa = PBXFileReference; lastKnownFileType = file.storyboard; name = Base; path = Base.lproj/Main.storyboard; sourceTree = "<group>"; };
		DB0E4ACF22A90C9100205E41 /* Assets.xcassets */ = {isa = PBXFileReference; lastKnownFileType = folder.assetcatalog; path = Assets.xcassets; sourceTree = "<group>"; };
		DB0E4AD222A90C9100205E41 /* Base */ = {isa = PBXFileReference; lastKnownFileType = file.storyboard; name = Base; path = Base.lproj/LaunchScreen.storyboard; sourceTree = "<group>"; };
		DB0E4AD422A90C9100205E41 /* Info.plist */ = {isa = PBXFileReference; lastKnownFileType = text.plist.xml; path = Info.plist; sourceTree = "<group>"; };
		DB0E4AD522A90C9100205E41 /* main.m */ = {isa = PBXFileReference; lastKnownFileType = sourcecode.c.objc; path = main.m; sourceTree = "<group>"; };
/* End PBXFileReference section */

/* Begin PBXFrameworksBuildPhase section */
		DB0E4ABD22A90C8D00205E41 /* Frameworks */ = {
			isa = PBXFrameworksBuildPhase;
			buildActionMask = 2147483647;
			files = (
			);
			runOnlyForDeploymentPostprocessing = 0;
		};
/* End PBXFrameworksBuildPhase section */

/* Begin PBXGroup section */
		DB0E4AB722A90C8D00205E41 = {
			isa = PBXGroup;
			children = (
				DB0E4AC222A90C8D00205E41 /* SampleAppForDevOps */,
				DB0E4AC122A90C8D00205E41 /* Products */,
			);
			sourceTree = "<group>";
		};
		DB0E4AC122A90C8D00205E41 /* Products */ = {
			isa = PBXGroup;
			children = (
				DB0E4AC022A90C8D00205E41 /* SampleAppForDevOps.app */,
			);
			name = Products;
			sourceTree = "<group>";
		};
		DB0E4AC222A90C8D00205E41 /* SampleAppForDevOps */ = {
			isa = PBXGroup;
			children = (
				DB0E4AC322A90C8D00205E41 /* AppDelegate.h */,
				DB0E4AC422A90C8D00205E41 /* AppDelegate.m */,
				DB0E4AC622A90C8D00205E41 /* FirstViewController.h */,
				DB0E4AC722A90C8D00205E41 /* FirstViewController.m */,
				DB0E4AC922A90C8D00205E41 /* SecondViewController.h */,
				DB0E4ACA22A90C8D00205E41 /* SecondViewController.m */,
				DB0E4ACC22A90C8D00205E41 /* Main.storyboard */,
				DB0E4ACF22A90C9100205E41 /* Assets.xcassets */,
				DB0E4AD122A90C9100205E41 /* LaunchScreen.storyboard */,
				DB0E4AD422A90C9100205E41 /* Info.plist */,
				DB0E4AD522A90C9100205E41 /* main.m */,
			);
			path = SampleAppForDevOps;
			sourceTree = "<group>";
		};
/* End PBXGroup section */

/* Begin PBXNativeTarget section */
		DB0E4ABF22A90C8D00205E41 /* SampleAppForDevOps */ = {
			isa = PBXNativeTarget;
			buildConfigurationList = DB0E4AD922A90C9100205E41 /* Build configuration list for PBXNativeTarget "SampleAppForDevOps" */;
			buildPhases = (
				DB0E4ABC22A90C8D00205E41 /* Sources */,
				DB0E4ABD22A90C8D00205E41 /* Frameworks */,
				DB0E4ABE22A90C8D00205E41 /* Resources */,
			);
			buildRules = (
			);
			dependencies = (
			);
			name = SampleAppForDevOps;
			productName = SampleAppForDevOps;
			productReference = DB0E4AC022A90C8D00205E41 /* SampleAppForDevOps.app */;
			productType = "com.apple.product-type.application";
		};
/* End PBXNativeTarget section */

/* Begin PBXProject section */
		DB0E4AB822A90C8D00205E41 /* Project object */ = {
			isa = PBXProject;
			attributes = {
				LastUpgradeCheck = 1020;
				ORGANIZATIONNAME = "Kuldeep Kumpavat";
				TargetAttributes = {
					DB0E4ABF22A90C8D00205E41 = {
						CreatedOnToolsVersion = 10.2;
					};
				};
			};
			buildConfigurationList = DB0E4ABB22A90C8D00205E41 /* Build configuration list for PBXProject "SampleAppForDevOps" */;
			compatibilityVersion = "Xcode 9.3";
			developmentRegion = en;
			hasScannedForEncodings = 0;
			knownRegions = (
				en,
				Base,
			);
			mainGroup = DB0E4AB722A90C8D00205E41;
			productRefGroup = DB0E4AC122A90C8D00205E41 /* Products */;
			projectDirPath = "";
			projectRoot = "";
			targets = (
				DB0E4ABF22A90C8D00205E41 /* SampleAppForDevOps */,
			);
		};
/* End PBXProject section */

/* Begin PBXResourcesBuildPhase section */
		DB0E4ABE22A90C8D00205E41 /* Resources */ = {
			isa = PBXResourcesBuildPhase;
			buildActionMask = 2147483647;
			files = (
				DB0E4AD322A90C9100205E41 /* LaunchScreen.storyboard in Resources */,
				DB0E4AD022A90C9100205E41 /* Assets.xcassets in Resources */,
				DB0E4ACE22A90C8D00205E41 /* Main.storyboard in Resources */,
			);
			runOnlyForDeploymentPostprocessing = 0;
		};
/* End PBXResourcesBuildPhase section */

/* Begin PBXSourcesBuildPhase section */
		DB0E4ABC22A90C8D00205E41 /* Sources */ = {
			isa = PBXSourcesBuildPhase;
			buildActionMask = 2147483647;
			files = (
				DB0E4ACB22A90C8D00205E41 /* SecondViewController.m in Sources */,
				DB0E4AC522A90C8D00205E41 /* AppDelegate.m in Sources */,
				DB0E4AD622A90C9100205E41 /* main.m in Sources */,
				DB0E4AC822A90C8D00205E41 /* FirstViewController.m in Sources */,
			);
			runOnlyForDeploymentPostprocessing = 0;
		};
/* End PBXSourcesBuildPhase section */

/* Begin PBXVariantGroup section */
		DB0E4ACC22A90C8D00205E41 /* Main.storyboard */ = {
			isa = PBXVariantGroup;
			children = (
				DB0E4ACD22A90C8D00205E41 /* Base */,
			);
			name = Main.storyboard;
			sourceTree = "<group>";
		};
		DB0E4AD122A90C9100205E41 /* LaunchScreen.storyboard */ = {
			isa = PBXVariantGroup;
			children = (
				DB0E4AD222A90C9100205E41 /* Base */,
			);
			name = LaunchScreen.storyboard;
			sourceTree = "<group>";
		};
/* End PBXVariantGroup section */

/* Begin XCBuildConfiguration section */
		DB0E4AD722A90C9100205E41 /* Debug */ = {
			isa = XCBuildConfiguration;
			buildSettings = {
				ALWAYS_SEARCH_USER_PATHS = NO;
				CLANG_ANALYZER_NONNULL = YES;
				CLANG_ANALYZER_NUMBER_OBJECT_CONVERSION = YES_AGGRESSIVE;
				CLANG_CXX_LANGUAGE_STANDARD = "gnu++14";
				CLANG_CXX_LIBRARY = "libc++";
				CLANG_ENABLE_MODULES = YES;
				CLANG_ENABLE_OBJC_ARC = YES;
				CLANG_ENABLE_OBJC_WEAK = YES;
				CLANG_WARN_BLOCK_CAPTURE_AUTORELEASING = YES;
				CLANG_WARN_BOOL_CONVERSION = YES;
				CLANG_WARN_COMMA = YES;
				CLANG_WARN_CONSTANT_CONVERSION = YES;
				CLANG_WARN_DEPRECATED_OBJC_IMPLEMENTATIONS = YES;
				CLANG_WARN_DIRECT_OBJC_ISA_USAGE = YES_ERROR;
				CLANG_WARN_DOCUMENTATION_COMMENTS = YES;
				CLANG_WARN_EMPTY_BODY = YES;
				CLANG_WARN_ENUM_CONVERSION = YES;
				CLANG_WARN_INFINITE_RECURSION = YES;
				CLANG_WARN_INT_CONVERSION = YES;
				CLANG_WARN_NON_LITERAL_NULL_CONVERSION = YES;
				CLANG_WARN_OBJC_IMPLICIT_RETAIN_SELF = YES;
				CLANG_WARN_OBJC_LITERAL_CONVERSION = YES;
				CLANG_WARN_OBJC_ROOT_CLASS = YES_ERROR;
				CLANG_WARN_RANGE_LOOP_ANALYSIS = YES;
				CLANG_WARN_STRICT_PROTOTYPES = YES;
				CLANG_WARN_SUSPICIOUS_MOVE = YES;
				CLANG_WARN_UNGUARDED_AVAILABILITY = YES_AGGRESSIVE;
				CLANG_WARN_UNREACHABLE_CODE = YES;
				CLANG_WARN__DUPLICATE_METHOD_MATCH = YES;
				CODE_SIGN_IDENTITY = "iPhone Developer";
				COPY_PHASE_STRIP = NO;
				DEBUG_INFORMATION_FORMAT = dwarf;
				ENABLE_STRICT_OBJC_MSGSEND = YES;
				ENABLE_TESTABILITY = YES;
				GCC_C_LANGUAGE_STANDARD = gnu11;
				GCC_DYNAMIC_NO_PIC = NO;
				GCC_NO_COMMON_BLOCKS = YES;
				GCC_OPTIMIZATION_LEVEL = 0;
				GCC_PREPROCESSOR_DEFINITIONS = (
					"DEBUG=1",
					"$(inherited)",
				);
				GCC_WARN_64_TO_32_BIT_CONVERSION = YES;
				GCC_WARN_ABOUT_RETURN_TYPE = YES_ERROR;
				GCC_WARN_UNDECLARED_SELECTOR = YES;
				GCC_WARN_UNINITIALIZED_AUTOS = YES_AGGRESSIVE;
				GCC_WARN_UNUSED_FUNCTION = YES;
				GCC_WARN_UNUSED_VARIABLE = YES;
				IPHONEOS_DEPLOYMENT_TARGET = 12.2;
				MTL_ENABLE_DEBUG_INFO = INCLUDE_SOURCE;
				MTL_FAST_MATH = YES;
				ONLY_ACTIVE_ARCH = YES;
				SDKROOT = iphoneos;
			};
			name = Debug;
		};
		DB0E4AD822A90C9100205E41 /* Release */ = {
			isa = XCBuildConfiguration;
			buildSettings = {
				ALWAYS_SEARCH_USER_PATHS = NO;
				CLANG_ANALYZER_NONNULL = YES;
				CLANG_ANALYZER_NUMBER_OBJECT_CONVERSION = YES_AGGRESSIVE;
				CLANG_CXX_LANGUAGE_STANDARD = "gnu++14";
				CLANG_CXX_LIBRARY = "libc++";
				CLANG_ENABLE_MODULES = YES;
				CLANG_ENABLE_OBJC_ARC = YES;
				CLANG_ENABLE_OBJC_WEAK = YES;
				CLANG_WARN_BLOCK_CAPTURE_AUTORELEASING = YES;
				CLANG_WARN_BOOL_CONVERSION = YES;
				CLANG_WARN_COMMA = YES;
				CLANG_WARN_CONSTANT_CONVERSION = YES;
				CLANG_WARN_DEPRECATED_OBJC_IMPLEMENTATIONS = YES;
				CLANG_WARN_DIRECT_OBJC_ISA_USAGE = YES_ERROR;
				CLANG_WARN_DOCUMENTATION_COMMENTS = YES;
				CLANG_WARN_EMPTY_BODY = YES;
				CLANG_WARN_ENUM_CONVERSION = YES;
				CLANG_WARN_INFINITE_RECURSION = YES;
				CLANG_WARN_INT_CONVERSION = YES;
				CLANG_WARN_NON_LITERAL_NULL_CONVERSION = YES;
				CLANG_WARN_OBJC_IMPLICIT_RETAIN_SELF = YES;
				CLANG_WARN_OBJC_LITERAL_CONVERSION = YES;
				CLANG_WARN_OBJC_ROOT_CLASS = YES_ERROR;
				CLANG_WARN_RANGE_LOOP_ANALYSIS = YES;
				CLANG_WARN_STRICT_PROTOTYPES = YES;
				CLANG_WARN_SUSPICIOUS_MOVE = YES;
				CLANG_WARN_UNGUARDED_AVAILABILITY = YES_AGGRESSIVE;
				CLANG_WARN_UNREACHABLE_CODE = YES;
				CLANG_WARN__DUPLICATE_METHOD_MATCH = YES;
				CODE_SIGN_IDENTITY = "iPhone Developer";
				COPY_PHASE_STRIP = NO;
				DEBUG_INFORMATION_FORMAT = "dwarf-with-dsym";
				ENABLE_NS_ASSERTIONS = NO;
				ENABLE_STRICT_OBJC_MSGSEND = YES;
				GCC_C_LANGUAGE_STANDARD = gnu11;
				GCC_NO_COMMON_BLOCKS = YES;
				GCC_WARN_64_TO_32_BIT_CONVERSION = YES;
				GCC_WARN_ABOUT_RETURN_TYPE = YES_ERROR;
				GCC_WARN_UNDECLARED_SELECTOR = YES;
				GCC_WARN_UNINITIALIZED_AUTOS = YES_AGGRESSIVE;
				GCC_WARN_UNUSED_FUNCTION = YES;
				GCC_WARN_UNUSED_VARIABLE = YES;
				IPHONEOS_DEPLOYMENT_TARGET = 12.2;
				MTL_ENABLE_DEBUG_INFO = NO;
				MTL_FAST_MATH = YES;
				SDKROOT = iphoneos;
				VALIDATE_PRODUCT = YES;
			};
			name = Release;
		};
		DB0E4ADA22A90C9100205E41 /* Debug */ = {
			isa = XCBuildConfiguration;
			buildSettings = {
				ASSETCATALOG_COMPILER_APPICON_NAME = AppIcon;
				CODE_SIGN_STYLE = Automatic;
				INFOPLIST_FILE = SampleAppForDevOps/Info.plist;
				IPHONEOS_DEPLOYMENT_TARGET = 10.3;
				LD_RUNPATH_SEARCH_PATHS = (
					"$(inherited)",
					"@executable_path/Frameworks",
				);
				PRODUCT_BUNDLE_IDENTIFIER = com.infostretch.demo.devopssample.SampleAppForDevOps;
				PRODUCT_NAME = "$(TARGET_NAME)";
				TARGETED_DEVICE_FAMILY = "1,2";
			};
			name = Debug;
		};
		DB0E4ADB22A90C9100205E41 /* Release */ = {
			isa = XCBuildConfiguration;
			buildSettings = {
				ASSETCATALOG_COMPILER_APPICON_NAME = AppIcon;
				CODE_SIGN_STYLE = Automatic;
				INFOPLIST_FILE = SampleAppForDevOps/Info.plist;
				IPHONEOS_DEPLOYMENT_TARGET = 10.3;
				LD_RUNPATH_SEARCH_PATHS = (
					"$(inherited)",
					"@executable_path/Frameworks",
				);
				PRODUCT_BUNDLE_IDENTIFIER = com.infostretch.demo.devopssample.SampleAppForDevOps;
				PRODUCT_NAME = "$(TARGET_NAME)";
				TARGETED_DEVICE_FAMILY = "1,2";
			};
			name = Release;
		};
/* End XCBuildConfiguration section */

/* Begin XCConfigurationList section */
		DB0E4ABB22A90C8D00205E41 /* Build configuration list for PBXProject "SampleAppForDevOps" */ = {
			isa = XCConfigurationList;
			buildConfigurations = (
				DB0E4AD722A90C9100205E41 /* Debug */,
				DB0E4AD822A90C9100205E41 /* Release */,
			);
			defaultConfigurationIsVisible = 0;
			defaultConfigurationName = Release;
		};
		DB0E4AD922A90C9100205E41 /* Build configuration list for PBXNativeTarget "SampleAppForDevOps" */ = {
			isa = XCConfigurationList;
			buildConfigurations = (
				DB0E4ADA22A90C9100205E41 /* Debug */,
				DB0E4ADB22A90C9100205E41 /* Release */,
			);
			defaultConfigurationIsVisible = 0;
			defaultConfigurationName = Release;
		};
/* End XCConfigurationList section */
	};
	rootObject = DB0E4AB822A90C8D00205E41 /* Project object */;
}
